// !$*UTF8*$!
{
	archiveVersion = 1;
	classes = {
	};
	objectVersion = 46;
	objects = {

/* Begin PBXBuildFile section */
		EAACFE0D1D25927900668199 /* AppDelegate.swift in Sources */ = {isa = PBXBuildFile; fileRef = EAACFE0C1D25927900668199 /* AppDelegate.swift */; };
		EAACFE0F1D25927900668199 /* ViewController.swift in Sources */ = {isa = PBXBuildFile; fileRef = EAACFE0E1D25927900668199 /* ViewController.swift */; };
		EAACFE121D25927900668199 /* Main.storyboard in Resources */ = {isa = PBXBuildFile; fileRef = EAACFE101D25927900668199 /* Main.storyboard */; };
		EAACFE141D25927900668199 /* Assets.xcassets in Resources */ = {isa = PBXBuildFile; fileRef = EAACFE131D25927900668199 /* Assets.xcassets */; };
		EAACFE171D25927900668199 /* LaunchScreen.storyboard in Resources */ = {isa = PBXBuildFile; fileRef = EAACFE151D25927900668199 /* LaunchScreen.storyboard */; };
/* End PBXBuildFile section */

/* Begin PBXFileReference section */
		EAACFE091D25927900668199 /* AnalyticsExample.app */ = {isa = PBXFileReference; explicitFileType = wrapper.application; includeInIndex = 0; path = AnalyticsExample.app; sourceTree = BUILT_PRODUCTS_DIR; };
		EAACFE0C1D25927900668199 /* AppDelegate.swift */ = {isa = PBXFileReference; lastKnownFileType = sourcecode.swift; path = AppDelegate.swift; sourceTree = "<group>"; };
		EAACFE0E1D25927900668199 /* ViewController.swift */ = {isa = PBXFileReference; lastKnownFileType = sourcecode.swift; path = ViewController.swift; sourceTree = "<group>"; };
		EAACFE111D25927900668199 /* Base */ = {isa = PBXFileReference; lastKnownFileType = file.storyboard; name = Base; path = Base.lproj/Main.storyboard; sourceTree = "<group>"; };
		EAACFE131D25927900668199 /* Assets.xcassets */ = {isa = PBXFileReference; lastKnownFileType = folder.assetcatalog; path = Assets.xcassets; sourceTree = "<group>"; };
		EAACFE161D25927900668199 /* Base */ = {isa = PBXFileReference; lastKnownFileType = file.storyboard; name = Base; path = Base.lproj/LaunchScreen.storyboard; sourceTree = "<group>"; };
		EAACFE181D25927900668199 /* Info.plist */ = {isa = PBXFileReference; lastKnownFileType = text.plist.xml; path = Info.plist; sourceTree = "<group>"; };
/* End PBXFileReference section */

/* Begin PBXFrameworksBuildPhase section */
		EAACFE061D25927900668199 /* Frameworks */ = {
			isa = PBXFrameworksBuildPhase;
			buildActionMask = 2147483647;
			files = (
			);
			runOnlyForDeploymentPostprocessing = 0;
		};
/* End PBXFrameworksBuildPhase section */

/* Begin PBXGroup section */
		EAACFE001D25927900668199 = {
			isa = PBXGroup;
			children = (
				EAACFE0B1D25927900668199 /* AnalyticsExample */,
				EAACFE0A1D25927900668199 /* Products */,
			);
			sourceTree = "<group>";
		};
		EAACFE0A1D25927900668199 /* Products */ = {
			isa = PBXGroup;
			children = (
				EAACFE091D25927900668199 /* AnalyticsExample.app */,
			);
			name = Products;
			sourceTree = "<group>";
		};
		EAACFE0B1D25927900668199 /* AnalyticsExample */ = {
			isa = PBXGroup;
			children = (
				EAACFE0C1D25927900668199 /* AppDelegate.swift */,
				EAACFE0E1D25927900668199 /* ViewController.swift */,
				EAACFE101D25927900668199 /* Main.storyboard */,
				EAACFE131D25927900668199 /* Assets.xcassets */,
				EAACFE151D25927900668199 /* LaunchScreen.storyboard */,
				EAACFE181D25927900668199 /* Info.plist */,
			);
			path = AnalyticsExample;
			sourceTree = "<group>";
		};
/* End PBXGroup section */

/* Begin PBXNativeTarget section */
		EAACFE081D25927900668199 /* AnalyticsExample */ = {
			isa = PBXNativeTarget;
			buildConfigurationList = EAACFE1B1D25927900668199 /* Build configuration list for PBXNativeTarget "AnalyticsExample" */;
			buildPhases = (
				EAACFE051D25927900668199 /* Sources */,
				EAACFE061D25927900668199 /* Frameworks */,
				EAACFE071D25927900668199 /* Resources */,
			);
			buildRules = (
			);
			dependencies = (
			);
			name = AnalyticsExample;
			productName = AnalyticsExample;
			productReference = EAACFE091D25927900668199 /* AnalyticsExample.app */;
			productType = "com.apple.product-type.application";
		};
/* End PBXNativeTarget section */

/* Begin PBXProject section */
		EAACFE011D25927900668199 /* Project object */ = {
			isa = PBXProject;
			attributes = {
				LastSwiftUpdateCheck = 0730;
				LastUpgradeCheck = 0730;
				ORGANIZATIONNAME = Segment;
				TargetAttributes = {
					EAACFE081D25927900668199 = {
						CreatedOnToolsVersion = 7.3.1;
					};
				};
			};
			buildConfigurationList = EAACFE041D25927900668199 /* Build configuration list for PBXProject "AnalyticsExample" */;
			compatibilityVersion = "Xcode 3.2";
			developmentRegion = English;
			hasScannedForEncodings = 0;
			knownRegions = (
				en,
				Base,
			);
			mainGroup = EAACFE001D25927900668199;
			productRefGroup = EAACFE0A1D25927900668199 /* Products */;
			projectDirPath = "";
			projectRoot = "";
			targets = (
				EAACFE081D25927900668199 /* AnalyticsExample */,
			);
		};
/* End PBXProject section */

/* Begin PBXResourcesBuildPhase section */
		EAACFE071D25927900668199 /* Resources */ = {
			isa = PBXResourcesBuildPhase;
			buildActionMask = 2147483647;
			files = (
				EAACFE171D25927900668199 /* LaunchScreen.storyboard in Resources */,
				EAACFE141D25927900668199 /* Assets.xcassets in Resources */,
				EAACFE121D25927900668199 /* Main.storyboard in Resources */,
			);
			runOnlyForDeploymentPostprocessing = 0;
		};
/* End PBXResourcesBuildPhase section */

/* Begin PBXSourcesBuildPhase section */
		EAACFE051D25927900668199 /* Sources */ = {
			isa = PBXSourcesBuildPhase;
			buildActionMask = 2147483647;
			files = (
				EAACFE0F1D25927900668199 /* ViewController.swift in Sources */,
				EAACFE0D1D25927900668199 /* AppDelegate.swift in Sources */,
			);
			runOnlyForDeploymentPostprocessing = 0;
		};
/* End PBXSourcesBuildPhase section */

/* Begin PBXVariantGroup section */
		EAACFE101D25927900668199 /* Main.storyboard */ = {
			isa = PBXVariantGroup;
			children = (
				EAACFE111D25927900668199 /* Base */,
			);
			name = Main.storyboard;
			sourceTree = "<group>";
		};
		EAACFE151D25927900668199 /* LaunchScreen.storyboard */ = {
			isa = PBXVariantGroup;
			children = (
				EAACFE161D25927900668199 /* Base */,
			);
			name = LaunchScreen.storyboard;
			sourceTree = "<group>";
		};
/* End PBXVariantGroup section */

/* Begin XCBuildConfiguration section */
		EAACFE191D25927900668199 /* Debug */ = {
			isa = XCBuildConfiguration;
			buildSettings = {
				ALWAYS_SEARCH_USER_PATHS = NO;
				CLANG_ANALYZER_NONNULL = YES;
				CLANG_CXX_LANGUAGE_STANDARD = "gnu++0x";
				CLANG_CXX_LIBRARY = "libc++";
				CLANG_ENABLE_MODULES = YES;
				CLANG_ENABLE_OBJC_ARC = YES;
				CLANG_WARN_BOOL_CONVERSION = YES;
				CLANG_WARN_CONSTANT_CONVERSION = YES;
				CLANG_WARN_DIRECT_OBJC_ISA_USAGE = YES_ERROR;
				CLANG_WARN_EMPTY_BODY = YES;
				CLANG_WARN_ENUM_CONVERSION = YES;
				CLANG_WARN_INT_CONVERSION = YES;
				CLANG_WARN_OBJC_ROOT_CLASS = YES_ERROR;
				CLANG_WARN_UNREACHABLE_CODE = YES;
				CLANG_WARN__DUPLICATE_METHOD_MATCH = YES;
				"CODE_SIGN_IDENTITY[sdk=iphoneos*]" = "iPhone Developer";
				COPY_PHASE_STRIP = NO;
				DEBUG_INFORMATION_FORMAT = dwarf;
				ENABLE_STRICT_OBJC_MSGSEND = YES;
				ENABLE_TESTABILITY = YES;
				GCC_C_LANGUAGE_STANDARD = gnu99;
				GCC_DYNAMIC_NO_PIC = NO;
				GCC_NO_COMMON_BLOCKS = YES;
				GCC_OPTIMIZATION_LEVEL = 0;
				GCC_PREPROCESSOR_DEFINITIONS = (
					"DEBUG=1",
					"$(inherited)",
				);
				GCC_WARN_64_TO_32_BIT_CONVERSION = YES;
				GCC_WARN_ABOUT_RETURN_TYPE = YES_ERROR;
				GCC_WARN_UNDECLARED_SELECTOR = YES;
				GCC_WARN_UNINITIALIZED_AUTOS = YES_AGGRESSIVE;
				GCC_WARN_UNUSED_FUNCTION = YES;
				GCC_WARN_UNUSED_VARIABLE = YES;
				IPHONEOS_DEPLOYMENT_TARGET = 9.3;
				MTL_ENABLE_DEBUG_INFO = YES;
				ONLY_ACTIVE_ARCH = YES;
				SDKROOT = iphoneos;
				SWIFT_OPTIMIZATION_LEVEL = "-Onone";
			};
			name = Debug;
		};
		EAACFE1A1D25927900668199 /* Release */ = {
			isa = XCBuildConfiguration;
			buildSettings = {
				ALWAYS_SEARCH_USER_PATHS = NO;
				CLANG_ANALYZER_NONNULL = YES;
				CLANG_CXX_LANGUAGE_STANDARD = "gnu++0x";
				CLANG_CXX_LIBRARY = "libc++";
				CLANG_ENABLE_MODULES = YES;
				CLANG_ENABLE_OBJC_ARC = YES;
				CLANG_WARN_BOOL_CONVERSION = YES;
				CLANG_WARN_CONSTANT_CONVERSION = YES;
				CLANG_WARN_DIRECT_OBJC_ISA_USAGE = YES_ERROR;
				CLANG_WARN_EMPTY_BODY = YES;
				CLANG_WARN_ENUM_CONVERSION = YES;
				CLANG_WARN_INT_CONVERSION = YES;
				CLANG_WARN_OBJC_ROOT_CLASS = YES_ERROR;
				CLANG_WARN_UNREACHABLE_CODE = YES;
				CLANG_WARN__DUPLICATE_METHOD_MATCH = YES;
				"CODE_SIGN_IDENTITY[sdk=iphoneos*]" = "iPhone Developer";
				COPY_PHASE_STRIP = NO;
				DEBUG_INFORMATION_FORMAT = "dwarf-with-dsym";
				ENABLE_NS_ASSERTIONS = NO;
				ENABLE_STRICT_OBJC_MSGSEND = YES;
				GCC_C_LANGUAGE_STANDARD = gnu99;
				GCC_NO_COMMON_BLOCKS = YES;
				GCC_WARN_64_TO_32_BIT_CONVERSION = YES;
				GCC_WARN_ABOUT_RETURN_TYPE = YES_ERROR;
				GCC_WARN_UNDECLARED_SELECTOR = YES;
				GCC_WARN_UNINITIALIZED_AUTOS = YES_AGGRESSIVE;
				GCC_WARN_UNUSED_FUNCTION = YES;
				GCC_WARN_UNUSED_VARIABLE = YES;
				IPHONEOS_DEPLOYMENT_TARGET = 9.3;
				MTL_ENABLE_DEBUG_INFO = NO;
				SDKROOT = iphoneos;
				VALIDATE_PRODUCT = YES;
			};
			name = Release;
		};
		EAACFE1C1D25927900668199 /* Debug */ = {
			isa = XCBuildConfiguration;
			buildSettings = {
				ASSETCATALOG_COMPILER_APPICON_NAME = AppIcon;
				INFOPLIST_FILE = AnalyticsExample/Info.plist;
				LD_RUNPATH_SEARCH_PATHS = "$(inherited) @executable_path/Frameworks";
				PRODUCT_BUNDLE_IDENTIFIER = com.segment.AnalyticsExample;
				PRODUCT_NAME = "$(TARGET_NAME)";
			};
			name = Debug;
		};
		EAACFE1D1D25927900668199 /* Release */ = {
			isa = XCBuildConfiguration;
			buildSettings = {
				ASSETCATALOG_COMPILER_APPICON_NAME = AppIcon;
				INFOPLIST_FILE = AnalyticsExample/Info.plist;
				LD_RUNPATH_SEARCH_PATHS = "$(inherited) @executable_path/Frameworks";
				PRODUCT_BUNDLE_IDENTIFIER = com.segment.AnalyticsExample;
				PRODUCT_NAME = "$(TARGET_NAME)";
			};
			name = Release;
		};
/* End XCBuildConfiguration section */

/* Begin XCConfigurationList section */
		EAACFE041D25927900668199 /* Build configuration list for PBXProject "AnalyticsExample" */ = {
			isa = XCConfigurationList;
			buildConfigurations = (
				EAACFE191D25927900668199 /* Debug */,
				EAACFE1A1D25927900668199 /* Release */,
			);
			defaultConfigurationIsVisible = 0;
			defaultConfigurationName = Release;
		};
		EAACFE1B1D25927900668199 /* Build configuration list for PBXNativeTarget "AnalyticsExample" */ = {
			isa = XCConfigurationList;
			buildConfigurations = (
				EAACFE1C1D25927900668199 /* Debug */,
				EAACFE1D1D25927900668199 /* Release */,
			);
			defaultConfigurationIsVisible = 0;
		};
/* End XCConfigurationList section */
	};
	rootObject = EAACFE011D25927900668199 /* Project object */;
}
