// !$*UTF8*$!
{
	archiveVersion = 1;
	classes = {
	};
	objectVersion = 46;
	objects = {

/* Begin PBXBuildFile section */
		EA7E7D991D1D11910002889C /* SEGIntegrationsManager.m in Sources */ = {isa = PBXBuildFile; fileRef = EA7E7D981D1D11910002889C /* SEGIntegrationsManager.m */; };
		EA7E7D9F1D1D19DA0002889C /* SEGLifecycleTracker.m in Sources */ = {isa = PBXBuildFile; fileRef = EA7E7D9E1D1D19DA0002889C /* SEGLifecycleTracker.m */; };
		EA7E7DA51D1D96A30002889C /* SEGNetworkTransporter.m in Sources */ = {isa = PBXBuildFile; fileRef = EA7E7DA41D1D96A30002889C /* SEGNetworkTransporter.m */; };
		EA7E7DA81D1DE6F80002889C /* SEGContext.m in Sources */ = {isa = PBXBuildFile; fileRef = EA7E7DA71D1DE6F80002889C /* SEGContext.m */; };
		EA7E7DCC1D20F0560002889C /* SEGPayload.m in Sources */ = {isa = PBXBuildFile; fileRef = EA7E7DC51D20F0560002889C /* SEGPayload.m */; };
		EA7E7DD21D20F1020002889C /* SEGMigration.m in Sources */ = {isa = PBXBuildFile; fileRef = EA7E7DD11D20F1020002889C /* SEGMigration.m */; };
		EAAC785C1D1C4B65009E3AFC /* NSData+GZIP.m in Sources */ = {isa = PBXBuildFile; fileRef = EAAC78391D1C4B65009E3AFC /* NSData+GZIP.m */; };
		EAAC785D1D1C4B65009E3AFC /* SEGAnalyticsRequest.m in Sources */ = {isa = PBXBuildFile; fileRef = EAAC783B1D1C4B65009E3AFC /* SEGAnalyticsRequest.m */; };
		EAAC785E1D1C4B65009E3AFC /* SEGAnalyticsUtils.m in Sources */ = {isa = PBXBuildFile; fileRef = EAAC783D1D1C4B65009E3AFC /* SEGAnalyticsUtils.m */; };
		EAAC785F1D1C4B65009E3AFC /* SEGReachability.m in Sources */ = {isa = PBXBuildFile; fileRef = EAAC783F1D1C4B65009E3AFC /* SEGReachability.m */; };
		EAAC78601D1C4B65009E3AFC /* SEGBluetooth.m in Sources */ = {isa = PBXBuildFile; fileRef = EAAC78421D1C4B65009E3AFC /* SEGBluetooth.m */; };
		EAAC78611D1C4B65009E3AFC /* SEGLocation.m in Sources */ = {isa = PBXBuildFile; fileRef = EAAC78441D1C4B65009E3AFC /* SEGLocation.m */; };
		EAAC78621D1C4B65009E3AFC /* SEGStoreKitTracker.m in Sources */ = {isa = PBXBuildFile; fileRef = EAAC78461D1C4B65009E3AFC /* SEGStoreKitTracker.m */; };
		EAAC78631D1C4B65009E3AFC /* UIViewController+SEGScreen.m in Sources */ = {isa = PBXBuildFile; fileRef = EAAC78481D1C4B65009E3AFC /* UIViewController+SEGScreen.m */; };
		EAAC786A1D1C4B65009E3AFC /* SEGAnalytics.m in Sources */ = {isa = PBXBuildFile; fileRef = EAAC78571D1C4B65009E3AFC /* SEGAnalytics.m */; };
		EAAC786F1D1C7C29009E3AFC /* SEGUtils.m in Sources */ = {isa = PBXBuildFile; fileRef = EAAC786E1D1C7C29009E3AFC /* SEGUtils.m */; };
		EAAC78751D1C9957009E3AFC /* SEGAnalyticsConfiguration.m in Sources */ = {isa = PBXBuildFile; fileRef = EAAC78741D1C9957009E3AFC /* SEGAnalyticsConfiguration.m */; };
		EAAC78AC1D1CA71C009E3AFC /* Analytics.m in Sources */ = {isa = PBXBuildFile; fileRef = EAAC787B1D1CA71C009E3AFC /* Analytics.m */; };
/* End PBXBuildFile section */

/* Begin PBXCopyFilesBuildPhase section */
		EAB16EE61D15D50C001221B5 /* CopyFiles */ = {
			isa = PBXCopyFilesBuildPhase;
			buildActionMask = 2147483647;
			dstPath = "include/$(PRODUCT_NAME)";
			dstSubfolderSpec = 16;
			files = (
			);
			runOnlyForDeploymentPostprocessing = 0;
		};
/* End PBXCopyFilesBuildPhase section */

/* Begin PBXFileReference section */
		EA7E7D971D1D11910002889C /* SEGIntegrationsManager.h */ = {isa = PBXFileReference; fileEncoding = 4; lastKnownFileType = sourcecode.c.h; path = SEGIntegrationsManager.h; sourceTree = "<group>"; };
		EA7E7D981D1D11910002889C /* SEGIntegrationsManager.m */ = {isa = PBXFileReference; fileEncoding = 4; lastKnownFileType = sourcecode.c.objc; path = SEGIntegrationsManager.m; sourceTree = "<group>"; };
		EA7E7D9D1D1D19DA0002889C /* SEGLifecycleTracker.h */ = {isa = PBXFileReference; fileEncoding = 4; lastKnownFileType = sourcecode.c.h; path = SEGLifecycleTracker.h; sourceTree = "<group>"; };
		EA7E7D9E1D1D19DA0002889C /* SEGLifecycleTracker.m */ = {isa = PBXFileReference; fileEncoding = 4; lastKnownFileType = sourcecode.c.objc; path = SEGLifecycleTracker.m; sourceTree = "<group>"; };
		EA7E7DA31D1D96A30002889C /* SEGNetworkTransporter.h */ = {isa = PBXFileReference; fileEncoding = 4; lastKnownFileType = sourcecode.c.h; path = SEGNetworkTransporter.h; sourceTree = "<group>"; };
		EA7E7DA41D1D96A30002889C /* SEGNetworkTransporter.m */ = {isa = PBXFileReference; fileEncoding = 4; lastKnownFileType = sourcecode.c.objc; path = SEGNetworkTransporter.m; sourceTree = "<group>"; };
		EA7E7DA61D1DE6F80002889C /* SEGContext.h */ = {isa = PBXFileReference; fileEncoding = 4; lastKnownFileType = sourcecode.c.h; path = SEGContext.h; sourceTree = "<group>"; };
		EA7E7DA71D1DE6F80002889C /* SEGContext.m */ = {isa = PBXFileReference; fileEncoding = 4; lastKnownFileType = sourcecode.c.objc; path = SEGContext.m; sourceTree = "<group>"; };
		EA7E7DC51D20F0560002889C /* SEGPayload.m */ = {isa = PBXFileReference; fileEncoding = 4; lastKnownFileType = sourcecode.c.objc; path = SEGPayload.m; sourceTree = "<group>"; };
		EA7E7DC61D20F0560002889C /* SEGPayload.h */ = {isa = PBXFileReference; fileEncoding = 4; lastKnownFileType = sourcecode.c.h; path = SEGPayload.h; sourceTree = "<group>"; };
		EA7E7DD01D20F1020002889C /* SEGMigration.h */ = {isa = PBXFileReference; fileEncoding = 4; lastKnownFileType = sourcecode.c.h; path = SEGMigration.h; sourceTree = "<group>"; };
		EA7E7DD11D20F1020002889C /* SEGMigration.m */ = {isa = PBXFileReference; fileEncoding = 4; lastKnownFileType = sourcecode.c.objc; path = SEGMigration.m; sourceTree = "<group>"; };
		EAAC78351D1C4B65009E3AFC /* SEGIntegration.h */ = {isa = PBXFileReference; fileEncoding = 4; lastKnownFileType = sourcecode.c.h; path = SEGIntegration.h; sourceTree = "<group>"; };
		EAAC78381D1C4B65009E3AFC /* NSData+GZIP.h */ = {isa = PBXFileReference; fileEncoding = 4; lastKnownFileType = sourcecode.c.h; path = "NSData+GZIP.h"; sourceTree = "<group>"; };
		EAAC78391D1C4B65009E3AFC /* NSData+GZIP.m */ = {isa = PBXFileReference; fileEncoding = 4; lastKnownFileType = sourcecode.c.objc; path = "NSData+GZIP.m"; sourceTree = "<group>"; };
		EAAC783A1D1C4B65009E3AFC /* SEGAnalyticsRequest.h */ = {isa = PBXFileReference; fileEncoding = 4; lastKnownFileType = sourcecode.c.h; path = SEGAnalyticsRequest.h; sourceTree = "<group>"; };
		EAAC783B1D1C4B65009E3AFC /* SEGAnalyticsRequest.m */ = {isa = PBXFileReference; fileEncoding = 4; lastKnownFileType = sourcecode.c.objc; path = SEGAnalyticsRequest.m; sourceTree = "<group>"; };
		EAAC783C1D1C4B65009E3AFC /* SEGAnalyticsUtils.h */ = {isa = PBXFileReference; fileEncoding = 4; lastKnownFileType = sourcecode.c.h; path = SEGAnalyticsUtils.h; sourceTree = "<group>"; };
		EAAC783D1D1C4B65009E3AFC /* SEGAnalyticsUtils.m */ = {isa = PBXFileReference; fileEncoding = 4; lastKnownFileType = sourcecode.c.objc; path = SEGAnalyticsUtils.m; sourceTree = "<group>"; };
		EAAC783E1D1C4B65009E3AFC /* SEGReachability.h */ = {isa = PBXFileReference; fileEncoding = 4; lastKnownFileType = sourcecode.c.h; path = SEGReachability.h; sourceTree = "<group>"; };
		EAAC783F1D1C4B65009E3AFC /* SEGReachability.m */ = {isa = PBXFileReference; fileEncoding = 4; lastKnownFileType = sourcecode.c.objc; path = SEGReachability.m; sourceTree = "<group>"; };
		EAAC78411D1C4B65009E3AFC /* SEGBluetooth.h */ = {isa = PBXFileReference; fileEncoding = 4; lastKnownFileType = sourcecode.c.h; path = SEGBluetooth.h; sourceTree = "<group>"; };
		EAAC78421D1C4B65009E3AFC /* SEGBluetooth.m */ = {isa = PBXFileReference; fileEncoding = 4; lastKnownFileType = sourcecode.c.objc; path = SEGBluetooth.m; sourceTree = "<group>"; };
		EAAC78431D1C4B65009E3AFC /* SEGLocation.h */ = {isa = PBXFileReference; fileEncoding = 4; lastKnownFileType = sourcecode.c.h; path = SEGLocation.h; sourceTree = "<group>"; };
		EAAC78441D1C4B65009E3AFC /* SEGLocation.m */ = {isa = PBXFileReference; fileEncoding = 4; lastKnownFileType = sourcecode.c.objc; path = SEGLocation.m; sourceTree = "<group>"; };
		EAAC78451D1C4B65009E3AFC /* SEGStoreKitTracker.h */ = {isa = PBXFileReference; fileEncoding = 4; lastKnownFileType = sourcecode.c.h; path = SEGStoreKitTracker.h; sourceTree = "<group>"; };
		EAAC78461D1C4B65009E3AFC /* SEGStoreKitTracker.m */ = {isa = PBXFileReference; fileEncoding = 4; lastKnownFileType = sourcecode.c.objc; path = SEGStoreKitTracker.m; sourceTree = "<group>"; };
		EAAC78471D1C4B65009E3AFC /* UIViewController+SEGScreen.h */ = {isa = PBXFileReference; fileEncoding = 4; lastKnownFileType = sourcecode.c.h; path = "UIViewController+SEGScreen.h"; sourceTree = "<group>"; };
		EAAC78481D1C4B65009E3AFC /* UIViewController+SEGScreen.m */ = {isa = PBXFileReference; fileEncoding = 4; lastKnownFileType = sourcecode.c.objc; path = "UIViewController+SEGScreen.m"; sourceTree = "<group>"; };
		EAAC78561D1C4B65009E3AFC /* SEGAnalytics.h */ = {isa = PBXFileReference; fileEncoding = 4; lastKnownFileType = sourcecode.c.h; path = SEGAnalytics.h; sourceTree = "<group>"; };
		EAAC78571D1C4B65009E3AFC /* SEGAnalytics.m */ = {isa = PBXFileReference; fileEncoding = 4; lastKnownFileType = sourcecode.c.objc; path = SEGAnalytics.m; sourceTree = "<group>"; };
		EAAC786D1D1C7C29009E3AFC /* SEGUtils.h */ = {isa = PBXFileReference; fileEncoding = 4; lastKnownFileType = sourcecode.c.h; path = SEGUtils.h; sourceTree = "<group>"; };
		EAAC786E1D1C7C29009E3AFC /* SEGUtils.m */ = {isa = PBXFileReference; fileEncoding = 4; lastKnownFileType = sourcecode.c.objc; path = SEGUtils.m; sourceTree = "<group>"; };
		EAAC78731D1C9957009E3AFC /* SEGAnalyticsConfiguration.h */ = {isa = PBXFileReference; fileEncoding = 4; lastKnownFileType = sourcecode.c.h; path = SEGAnalyticsConfiguration.h; sourceTree = "<group>"; };
		EAAC78741D1C9957009E3AFC /* SEGAnalyticsConfiguration.m */ = {isa = PBXFileReference; fileEncoding = 4; lastKnownFileType = sourcecode.c.objc; path = SEGAnalyticsConfiguration.m; sourceTree = "<group>"; };
		EAAC787A1D1CA71C009E3AFC /* Analytics.h */ = {isa = PBXFileReference; fileEncoding = 4; lastKnownFileType = sourcecode.c.h; path = Analytics.h; sourceTree = "<group>"; };
		EAAC787B1D1CA71C009E3AFC /* Analytics.m */ = {isa = PBXFileReference; fileEncoding = 4; lastKnownFileType = sourcecode.c.objc; path = Analytics.m; sourceTree = "<group>"; };
		EAB16EE81D15D50C001221B5 /* libAnalytics.a */ = {isa = PBXFileReference; explicitFileType = archive.ar; includeInIndex = 0; path = libAnalytics.a; sourceTree = BUILT_PRODUCTS_DIR; };
/* End PBXFileReference section */

/* Begin PBXFrameworksBuildPhase section */
		EAB16EE51D15D50C001221B5 /* Frameworks */ = {
			isa = PBXFrameworksBuildPhase;
			buildActionMask = 2147483647;
			files = (
			);
			runOnlyForDeploymentPostprocessing = 0;
		};
/* End PBXFrameworksBuildPhase section */

/* Begin PBXGroup section */
		EAAC78321D1C4B65009E3AFC /* Classes */ = {
			isa = PBXGroup;
			children = (
				EAAC78371D1C4B65009E3AFC /* Lib */,
				EAAC78401D1C4B65009E3AFC /* Modules */,
				EAAC78341D1C4B65009E3AFC /* Integrations */,
				EAAC78561D1C4B65009E3AFC /* SEGAnalytics.h */,
				EAAC78571D1C4B65009E3AFC /* SEGAnalytics.m */,
				EAAC78731D1C9957009E3AFC /* SEGAnalyticsConfiguration.h */,
				EAAC78741D1C9957009E3AFC /* SEGAnalyticsConfiguration.m */,
			);
			name = Classes;
			path = Analytics/Classes;
			sourceTree = "<group>";
		};
		EAAC78341D1C4B65009E3AFC /* Integrations */ = {
			isa = PBXGroup;
			children = (
				EA7E7D971D1D11910002889C /* SEGIntegrationsManager.h */,
				EA7E7D981D1D11910002889C /* SEGIntegrationsManager.m */,
				EAAC78351D1C4B65009E3AFC /* SEGIntegration.h */,
				EA7E7DC61D20F0560002889C /* SEGPayload.h */,
				EA7E7DC51D20F0560002889C /* SEGPayload.m */,
			);
			path = Integrations;
			sourceTree = "<group>";
		};
		EAAC78371D1C4B65009E3AFC /* Lib */ = {
			isa = PBXGroup;
			children = (
				EAAC78381D1C4B65009E3AFC /* NSData+GZIP.h */,
				EAAC78391D1C4B65009E3AFC /* NSData+GZIP.m */,
				EAAC783A1D1C4B65009E3AFC /* SEGAnalyticsRequest.h */,
				EAAC783B1D1C4B65009E3AFC /* SEGAnalyticsRequest.m */,
				EAAC783C1D1C4B65009E3AFC /* SEGAnalyticsUtils.h */,
				EAAC783D1D1C4B65009E3AFC /* SEGAnalyticsUtils.m */,
				EAAC783E1D1C4B65009E3AFC /* SEGReachability.h */,
				EAAC783F1D1C4B65009E3AFC /* SEGReachability.m */,
				EAAC786D1D1C7C29009E3AFC /* SEGUtils.h */,
				EAAC786E1D1C7C29009E3AFC /* SEGUtils.m */,
			);
			path = Lib;
			sourceTree = "<group>";
		};
		EAAC78401D1C4B65009E3AFC /* Modules */ = {
			isa = PBXGroup;
			children = (
				EA7E7DD01D20F1020002889C /* SEGMigration.h */,
				EA7E7DD11D20F1020002889C /* SEGMigration.m */,
				EA7E7DA61D1DE6F80002889C /* SEGContext.h */,
				EA7E7DA71D1DE6F80002889C /* SEGContext.m */,
				EA7E7DA31D1D96A30002889C /* SEGNetworkTransporter.h */,
				EA7E7DA41D1D96A30002889C /* SEGNetworkTransporter.m */,
				EA7E7D9D1D1D19DA0002889C /* SEGLifecycleTracker.h */,
				EA7E7D9E1D1D19DA0002889C /* SEGLifecycleTracker.m */,
				EAAC78411D1C4B65009E3AFC /* SEGBluetooth.h */,
				EAAC78421D1C4B65009E3AFC /* SEGBluetooth.m */,
				EAAC78431D1C4B65009E3AFC /* SEGLocation.h */,
				EAAC78441D1C4B65009E3AFC /* SEGLocation.m */,
				EAAC78451D1C4B65009E3AFC /* SEGStoreKitTracker.h */,
				EAAC78461D1C4B65009E3AFC /* SEGStoreKitTracker.m */,
				EAAC78471D1C4B65009E3AFC /* UIViewController+SEGScreen.h */,
				EAAC78481D1C4B65009E3AFC /* UIViewController+SEGScreen.m */,
			);
			path = Modules;
			sourceTree = "<group>";
		};
		EAAC78791D1CA71C009E3AFC /* Analytics */ = {
			isa = PBXGroup;
			children = (
				EAAC787A1D1CA71C009E3AFC /* Analytics.h */,
				EAAC787B1D1CA71C009E3AFC /* Analytics.m */,
			);
			path = Analytics;
			sourceTree = "<group>";
		};
		EAB16EDF1D15D50C001221B5 = {
			isa = PBXGroup;
			children = (
				EAAC78791D1CA71C009E3AFC /* Analytics */,
				EAAC78321D1C4B65009E3AFC /* Classes */,
				EAB16EE91D15D50C001221B5 /* Products */,
			);
			sourceTree = "<group>";
		};
		EAB16EE91D15D50C001221B5 /* Products */ = {
			isa = PBXGroup;
			children = (
				EAB16EE81D15D50C001221B5 /* libAnalytics.a */,
			);
			name = Products;
			sourceTree = "<group>";
		};
/* End PBXGroup section */

/* Begin PBXNativeTarget section */
		EAB16EE71D15D50C001221B5 /* Analytics */ = {
			isa = PBXNativeTarget;
			buildConfigurationList = EAB16EF11D15D50C001221B5 /* Build configuration list for PBXNativeTarget "Analytics" */;
			buildPhases = (
				EAB16EE41D15D50C001221B5 /* Sources */,
				EAB16EE51D15D50C001221B5 /* Frameworks */,
				EAB16EE61D15D50C001221B5 /* CopyFiles */,
			);
			buildRules = (
			);
			dependencies = (
			);
			name = Analytics;
			productName = Analytics;
			productReference = EAB16EE81D15D50C001221B5 /* libAnalytics.a */;
			productType = "com.apple.product-type.library.static";
		};
/* End PBXNativeTarget section */

/* Begin PBXProject section */
		EAB16EE01D15D50C001221B5 /* Project object */ = {
			isa = PBXProject;
			attributes = {
				LastUpgradeCheck = 0730;
				ORGANIZATIONNAME = Segment;
				TargetAttributes = {
					EAB16EE71D15D50C001221B5 = {
						CreatedOnToolsVersion = 7.3.1;
					};
				};
			};
			buildConfigurationList = EAB16EE31D15D50C001221B5 /* Build configuration list for PBXProject "Analytics" */;
			compatibilityVersion = "Xcode 3.2";
			developmentRegion = English;
			hasScannedForEncodings = 0;
			knownRegions = (
				en,
			);
			mainGroup = EAB16EDF1D15D50C001221B5;
			productRefGroup = EAB16EE91D15D50C001221B5 /* Products */;
			projectDirPath = "";
			projectRoot = "";
			targets = (
				EAB16EE71D15D50C001221B5 /* Analytics */,
			);
		};
/* End PBXProject section */

/* Begin PBXSourcesBuildPhase section */
		EAB16EE41D15D50C001221B5 /* Sources */ = {
			isa = PBXSourcesBuildPhase;
			buildActionMask = 2147483647;
			files = (
				EAAC785F1D1C4B65009E3AFC /* SEGReachability.m in Sources */,
				EA7E7DA51D1D96A30002889C /* SEGNetworkTransporter.m in Sources */,
				EAAC785D1D1C4B65009E3AFC /* SEGAnalyticsRequest.m in Sources */,
				EA7E7DD21D20F1020002889C /* SEGMigration.m in Sources */,
				EA7E7D991D1D11910002889C /* SEGIntegrationsManager.m in Sources */,
				EAAC78611D1C4B65009E3AFC /* SEGLocation.m in Sources */,
				EAAC78AC1D1CA71C009E3AFC /* Analytics.m in Sources */,
				EAAC785C1D1C4B65009E3AFC /* NSData+GZIP.m in Sources */,
				EA7E7DA81D1DE6F80002889C /* SEGContext.m in Sources */,
				EA7E7D9F1D1D19DA0002889C /* SEGLifecycleTracker.m in Sources */,
				EAAC786F1D1C7C29009E3AFC /* SEGUtils.m in Sources */,
				EAAC785E1D1C4B65009E3AFC /* SEGAnalyticsUtils.m in Sources */,
				EA7E7DCC1D20F0560002889C /* SEGPayload.m in Sources */,
				EAAC78601D1C4B65009E3AFC /* SEGBluetooth.m in Sources */,
				EAAC78631D1C4B65009E3AFC /* UIViewController+SEGScreen.m in Sources */,
				EAAC78621D1C4B65009E3AFC /* SEGStoreKitTracker.m in Sources */,
				EAAC786A1D1C4B65009E3AFC /* SEGAnalytics.m in Sources */,
				EAAC78751D1C9957009E3AFC /* SEGAnalyticsConfiguration.m in Sources */,
			);
			runOnlyForDeploymentPostprocessing = 0;
		};
/* End PBXSourcesBuildPhase section */

/* Begin XCBuildConfiguration section */
		EAB16EEF1D15D50C001221B5 /* Debug */ = {
			isa = XCBuildConfiguration;
			buildSettings = {
				ALWAYS_SEARCH_USER_PATHS = NO;
				CLANG_ANALYZER_NONNULL = YES;
				CLANG_CXX_LANGUAGE_STANDARD = "gnu++0x";
				CLANG_CXX_LIBRARY = "libc++";
				CLANG_ENABLE_MODULES = YES;
				CLANG_ENABLE_OBJC_ARC = YES;
				CLANG_WARN_BOOL_CONVERSION = YES;
				CLANG_WARN_CONSTANT_CONVERSION = YES;
				CLANG_WARN_DIRECT_OBJC_ISA_USAGE = YES_ERROR;
				CLANG_WARN_EMPTY_BODY = YES;
				CLANG_WARN_ENUM_CONVERSION = YES;
				CLANG_WARN_INT_CONVERSION = YES;
				CLANG_WARN_OBJC_ROOT_CLASS = YES_ERROR;
				CLANG_WARN_UNREACHABLE_CODE = YES;
				CLANG_WARN__DUPLICATE_METHOD_MATCH = YES;
				"CODE_SIGN_IDENTITY[sdk=iphoneos*]" = "iPhone Developer";
				COPY_PHASE_STRIP = NO;
				DEBUG_INFORMATION_FORMAT = dwarf;
				ENABLE_STRICT_OBJC_MSGSEND = YES;
				ENABLE_TESTABILITY = YES;
				GCC_C_LANGUAGE_STANDARD = gnu99;
				GCC_DYNAMIC_NO_PIC = NO;
				GCC_NO_COMMON_BLOCKS = YES;
				GCC_OPTIMIZATION_LEVEL = 0;
				GCC_PREPROCESSOR_DEFINITIONS = (
					"DEBUG=1",
					"$(inherited)",
				);
				GCC_WARN_64_TO_32_BIT_CONVERSION = YES;
				GCC_WARN_ABOUT_RETURN_TYPE = YES_ERROR;
				GCC_WARN_UNDECLARED_SELECTOR = YES;
				GCC_WARN_UNINITIALIZED_AUTOS = YES_AGGRESSIVE;
				GCC_WARN_UNUSED_FUNCTION = YES;
				GCC_WARN_UNUSED_VARIABLE = YES;
				IPHONEOS_DEPLOYMENT_TARGET = 7.0;
				MTL_ENABLE_DEBUG_INFO = YES;
				ONLY_ACTIVE_ARCH = YES;
				SDKROOT = iphoneos;
			};
			name = Debug;
		};
		EAB16EF01D15D50C001221B5 /* Release */ = {
			isa = XCBuildConfiguration;
			buildSettings = {
				ALWAYS_SEARCH_USER_PATHS = NO;
				CLANG_ANALYZER_NONNULL = YES;
				CLANG_CXX_LANGUAGE_STANDARD = "gnu++0x";
				CLANG_CXX_LIBRARY = "libc++";
				CLANG_ENABLE_MODULES = YES;
				CLANG_ENABLE_OBJC_ARC = YES;
				CLANG_WARN_BOOL_CONVERSION = YES;
				CLANG_WARN_CONSTANT_CONVERSION = YES;
				CLANG_WARN_DIRECT_OBJC_ISA_USAGE = YES_ERROR;
				CLANG_WARN_EMPTY_BODY = YES;
				CLANG_WARN_ENUM_CONVERSION = YES;
				CLANG_WARN_INT_CONVERSION = YES;
				CLANG_WARN_OBJC_ROOT_CLASS = YES_ERROR;
				CLANG_WARN_UNREACHABLE_CODE = YES;
				CLANG_WARN__DUPLICATE_METHOD_MATCH = YES;
				"CODE_SIGN_IDENTITY[sdk=iphoneos*]" = "iPhone Developer";
				COPY_PHASE_STRIP = NO;
				DEBUG_INFORMATION_FORMAT = "dwarf-with-dsym";
				ENABLE_NS_ASSERTIONS = NO;
				ENABLE_STRICT_OBJC_MSGSEND = YES;
				GCC_C_LANGUAGE_STANDARD = gnu99;
				GCC_NO_COMMON_BLOCKS = YES;
				GCC_WARN_64_TO_32_BIT_CONVERSION = YES;
				GCC_WARN_ABOUT_RETURN_TYPE = YES_ERROR;
				GCC_WARN_UNDECLARED_SELECTOR = YES;
				GCC_WARN_UNINITIALIZED_AUTOS = YES_AGGRESSIVE;
				GCC_WARN_UNUSED_FUNCTION = YES;
				GCC_WARN_UNUSED_VARIABLE = YES;
				IPHONEOS_DEPLOYMENT_TARGET = 7.0;
				MTL_ENABLE_DEBUG_INFO = NO;
				SDKROOT = iphoneos;
				VALIDATE_PRODUCT = YES;
			};
			name = Release;
		};
		EAB16EF21D15D50C001221B5 /* Debug */ = {
			isa = XCBuildConfiguration;
			buildSettings = {
				OTHER_LDFLAGS = "-ObjC";
				PRODUCT_NAME = "$(TARGET_NAME)";
				SKIP_INSTALL = YES;
			};
			name = Debug;
		};
		EAB16EF31D15D50C001221B5 /* Release */ = {
			isa = XCBuildConfiguration;
			buildSettings = {
				OTHER_LDFLAGS = "-ObjC";
				PRODUCT_NAME = "$(TARGET_NAME)";
				SKIP_INSTALL = YES;
			};
			name = Release;
		};
/* End XCBuildConfiguration section */

/* Begin XCConfigurationList section */
		EAB16EE31D15D50C001221B5 /* Build configuration list for PBXProject "Analytics" */ = {
			isa = XCConfigurationList;
			buildConfigurations = (
				EAB16EEF1D15D50C001221B5 /* Debug */,
				EAB16EF01D15D50C001221B5 /* Release */,
			);
			defaultConfigurationIsVisible = 0;
			defaultConfigurationName = Release;
		};
		EAB16EF11D15D50C001221B5 /* Build configuration list for PBXNativeTarget "Analytics" */ = {
			isa = XCConfigurationList;
			buildConfigurations = (
				EAB16EF21D15D50C001221B5 /* Debug */,
				EAB16EF31D15D50C001221B5 /* Release */,
			);
			defaultConfigurationIsVisible = 0;
			defaultConfigurationName = Release;
		};
/* End XCConfigurationList section */
	};
	rootObject = EAB16EE01D15D50C001221B5 /* Project object */;
}
